// !$*UTF8*$!
{
	archiveVersion = 1;
	classes = {
	};
	objectVersion = 46;
	objects = {

/* Begin PBXBuildFile section */
		D89CC2811D8BE724001D8D48 /* AppDelegate.swift in Sources */ = {isa = PBXBuildFile; fileRef = D89CC2801D8BE724001D8D48 /* AppDelegate.swift */; };
		D89CC2831D8BE724001D8D48 /* ViewController.swift in Sources */ = {isa = PBXBuildFile; fileRef = D89CC2821D8BE724001D8D48 /* ViewController.swift */; };
		D89CC2861D8BE724001D8D48 /* Main.storyboard in Resources */ = {isa = PBXBuildFile; fileRef = D89CC2841D8BE724001D8D48 /* Main.storyboard */; };
		D89CC2881D8BE724001D8D48 /* Assets.xcassets in Resources */ = {isa = PBXBuildFile; fileRef = D89CC2871D8BE724001D8D48 /* Assets.xcassets */; };
		D89CC28B1D8BE724001D8D48 /* LaunchScreen.storyboard in Resources */ = {isa = PBXBuildFile; fileRef = D89CC2891D8BE724001D8D48 /* LaunchScreen.storyboard */; };
		D89CC2961D8BE724001D8D48 /* ToDoAppTests.swift in Sources */ = {isa = PBXBuildFile; fileRef = D89CC2951D8BE724001D8D48 /* ToDoAppTests.swift */; };
		D89CC2A11D8BE724001D8D48 /* ToDoAppUITests.swift in Sources */ = {isa = PBXBuildFile; fileRef = D89CC2A01D8BE724001D8D48 /* ToDoAppUITests.swift */; };
		D89CC2AF1D8BFA14001D8D48 /* ToDoListTableViewController.swift in Sources */ = {isa = PBXBuildFile; fileRef = D89CC2AE1D8BFA14001D8D48 /* ToDoListTableViewController.swift */; };
		D89CC2B21D8C0486001D8D48 /* AddToDoViewController.swift in Sources */ = {isa = PBXBuildFile; fileRef = D89CC2B11D8C0486001D8D48 /* AddToDoViewController.swift */; };
/* End PBXBuildFile section */

/* Begin PBXContainerItemProxy section */
		D89CC2921D8BE724001D8D48 /* PBXContainerItemProxy */ = {
			isa = PBXContainerItemProxy;
			containerPortal = D89CC2751D8BE723001D8D48 /* Project object */;
			proxyType = 1;
			remoteGlobalIDString = D89CC27C1D8BE724001D8D48;
			remoteInfo = ToDoApp;
		};
		D89CC29D1D8BE724001D8D48 /* PBXContainerItemProxy */ = {
			isa = PBXContainerItemProxy;
			containerPortal = D89CC2751D8BE723001D8D48 /* Project object */;
			proxyType = 1;
			remoteGlobalIDString = D89CC27C1D8BE724001D8D48;
			remoteInfo = ToDoApp;
		};
/* End PBXContainerItemProxy section */

/* Begin PBXFileReference section */
		D89CC27D1D8BE724001D8D48 /* ToDoApp.app */ = {isa = PBXFileReference; explicitFileType = wrapper.application; includeInIndex = 0; path = ToDoApp.app; sourceTree = BUILT_PRODUCTS_DIR; };
		D89CC2801D8BE724001D8D48 /* AppDelegate.swift */ = {isa = PBXFileReference; lastKnownFileType = sourcecode.swift; path = AppDelegate.swift; sourceTree = "<group>"; };
		D89CC2821D8BE724001D8D48 /* ViewController.swift */ = {isa = PBXFileReference; lastKnownFileType = sourcecode.swift; path = ViewController.swift; sourceTree = "<group>"; };
		D89CC2851D8BE724001D8D48 /* Base */ = {isa = PBXFileReference; lastKnownFileType = file.storyboard; name = Base; path = Base.lproj/Main.storyboard; sourceTree = "<group>"; };
		D89CC2871D8BE724001D8D48 /* Assets.xcassets */ = {isa = PBXFileReference; lastKnownFileType = folder.assetcatalog; path = Assets.xcassets; sourceTree = "<group>"; };
		D89CC28A1D8BE724001D8D48 /* Base */ = {isa = PBXFileReference; lastKnownFileType = file.storyboard; name = Base; path = Base.lproj/LaunchScreen.storyboard; sourceTree = "<group>"; };
		D89CC28C1D8BE724001D8D48 /* Info.plist */ = {isa = PBXFileReference; lastKnownFileType = text.plist.xml; path = Info.plist; sourceTree = "<group>"; };
		D89CC2911D8BE724001D8D48 /* ToDoAppTests.xctest */ = {isa = PBXFileReference; explicitFileType = wrapper.cfbundle; includeInIndex = 0; path = ToDoAppTests.xctest; sourceTree = BUILT_PRODUCTS_DIR; };
		D89CC2951D8BE724001D8D48 /* ToDoAppTests.swift */ = {isa = PBXFileReference; lastKnownFileType = sourcecode.swift; path = ToDoAppTests.swift; sourceTree = "<group>"; };
		D89CC2971D8BE724001D8D48 /* Info.plist */ = {isa = PBXFileReference; lastKnownFileType = text.plist.xml; path = Info.plist; sourceTree = "<group>"; };
		D89CC29C1D8BE724001D8D48 /* ToDoAppUITests.xctest */ = {isa = PBXFileReference; explicitFileType = wrapper.cfbundle; includeInIndex = 0; path = ToDoAppUITests.xctest; sourceTree = BUILT_PRODUCTS_DIR; };
		D89CC2A01D8BE724001D8D48 /* ToDoAppUITests.swift */ = {isa = PBXFileReference; lastKnownFileType = sourcecode.swift; path = ToDoAppUITests.swift; sourceTree = "<group>"; };
		D89CC2A21D8BE724001D8D48 /* Info.plist */ = {isa = PBXFileReference; lastKnownFileType = text.plist.xml; path = Info.plist; sourceTree = "<group>"; };
		D89CC2AE1D8BFA14001D8D48 /* ToDoListTableViewController.swift */ = {isa = PBXFileReference; fileEncoding = 4; lastKnownFileType = sourcecode.swift; path = ToDoListTableViewController.swift; sourceTree = "<group>"; };
		D89CC2B11D8C0486001D8D48 /* AddToDoViewController.swift */ = {isa = PBXFileReference; fileEncoding = 4; lastKnownFileType = sourcecode.swift; path = AddToDoViewController.swift; sourceTree = "<group>"; };
/* End PBXFileReference section */

/* Begin PBXFrameworksBuildPhase section */
		D89CC27A1D8BE724001D8D48 /* Frameworks */ = {
			isa = PBXFrameworksBuildPhase;
			buildActionMask = 2147483647;
			files = (
			);
			runOnlyForDeploymentPostprocessing = 0;
		};
		D89CC28E1D8BE724001D8D48 /* Frameworks */ = {
			isa = PBXFrameworksBuildPhase;
			buildActionMask = 2147483647;
			files = (
			);
			runOnlyForDeploymentPostprocessing = 0;
		};
		D89CC2991D8BE724001D8D48 /* Frameworks */ = {
			isa = PBXFrameworksBuildPhase;
			buildActionMask = 2147483647;
			files = (
			);
			runOnlyForDeploymentPostprocessing = 0;
		};
/* End PBXFrameworksBuildPhase section */

/* Begin PBXGroup section */
		D89CC2741D8BE723001D8D48 = {
			isa = PBXGroup;
			children = (
				D89CC27F1D8BE724001D8D48 /* ToDoApp */,
				D89CC2941D8BE724001D8D48 /* ToDoAppTests */,
				D89CC29F1D8BE724001D8D48 /* ToDoAppUITests */,
				D89CC27E1D8BE724001D8D48 /* Products */,
			);
			sourceTree = "<group>";
		};
		D89CC27E1D8BE724001D8D48 /* Products */ = {
			isa = PBXGroup;
			children = (
				D89CC27D1D8BE724001D8D48 /* ToDoApp.app */,
				D89CC2911D8BE724001D8D48 /* ToDoAppTests.xctest */,
				D89CC29C1D8BE724001D8D48 /* ToDoAppUITests.xctest */,
			);
			name = Products;
			sourceTree = "<group>";
		};
		D89CC27F1D8BE724001D8D48 /* ToDoApp */ = {
			isa = PBXGroup;
			children = (
				D89CC2801D8BE724001D8D48 /* AppDelegate.swift */,
				D89CC2821D8BE724001D8D48 /* ViewController.swift */,
				D89CC2841D8BE724001D8D48 /* Main.storyboard */,
				D89CC2871D8BE724001D8D48 /* Assets.xcassets */,
				D89CC2891D8BE724001D8D48 /* LaunchScreen.storyboard */,
				D89CC28C1D8BE724001D8D48 /* Info.plist */,
				D89CC2AE1D8BFA14001D8D48 /* ToDoListTableViewController.swift */,
				D89CC2B11D8C0486001D8D48 /* AddToDoViewController.swift */,
			);
			path = ToDoApp;
			sourceTree = "<group>";
		};
		D89CC2941D8BE724001D8D48 /* ToDoAppTests */ = {
			isa = PBXGroup;
			children = (
				D89CC2951D8BE724001D8D48 /* ToDoAppTests.swift */,
				D89CC2971D8BE724001D8D48 /* Info.plist */,
			);
			path = ToDoAppTests;
			sourceTree = "<group>";
		};
		D89CC29F1D8BE724001D8D48 /* ToDoAppUITests */ = {
			isa = PBXGroup;
			children = (
				D89CC2A01D8BE724001D8D48 /* ToDoAppUITests.swift */,
				D89CC2A21D8BE724001D8D48 /* Info.plist */,
			);
			path = ToDoAppUITests;
			sourceTree = "<group>";
		};
/* End PBXGroup section */

/* Begin PBXNativeTarget section */
		D89CC27C1D8BE724001D8D48 /* ToDoApp */ = {
			isa = PBXNativeTarget;
			buildConfigurationList = D89CC2A51D8BE724001D8D48 /* Build configuration list for PBXNativeTarget "ToDoApp" */;
			buildPhases = (
				D89CC2791D8BE724001D8D48 /* Sources */,
				D89CC27A1D8BE724001D8D48 /* Frameworks */,
				D89CC27B1D8BE724001D8D48 /* Resources */,
			);
			buildRules = (
			);
			dependencies = (
			);
			name = ToDoApp;
			productName = ToDoApp;
			productReference = D89CC27D1D8BE724001D8D48 /* ToDoApp.app */;
			productType = "com.apple.product-type.application";
		};
		D89CC2901D8BE724001D8D48 /* ToDoAppTests */ = {
			isa = PBXNativeTarget;
			buildConfigurationList = D89CC2A81D8BE724001D8D48 /* Build configuration list for PBXNativeTarget "ToDoAppTests" */;
			buildPhases = (
				D89CC28D1D8BE724001D8D48 /* Sources */,
				D89CC28E1D8BE724001D8D48 /* Frameworks */,
				D89CC28F1D8BE724001D8D48 /* Resources */,
			);
			buildRules = (
			);
			dependencies = (
				D89CC2931D8BE724001D8D48 /* PBXTargetDependency */,
			);
			name = ToDoAppTests;
			productName = ToDoAppTests;
			productReference = D89CC2911D8BE724001D8D48 /* ToDoAppTests.xctest */;
			productType = "com.apple.product-type.bundle.unit-test";
		};
		D89CC29B1D8BE724001D8D48 /* ToDoAppUITests */ = {
			isa = PBXNativeTarget;
			buildConfigurationList = D89CC2AB1D8BE724001D8D48 /* Build configuration list for PBXNativeTarget "ToDoAppUITests" */;
			buildPhases = (
				D89CC2981D8BE724001D8D48 /* Sources */,
				D89CC2991D8BE724001D8D48 /* Frameworks */,
				D89CC29A1D8BE724001D8D48 /* Resources */,
			);
			buildRules = (
			);
			dependencies = (
				D89CC29E1D8BE724001D8D48 /* PBXTargetDependency */,
			);
			name = ToDoAppUITests;
			productName = ToDoAppUITests;
			productReference = D89CC29C1D8BE724001D8D48 /* ToDoAppUITests.xctest */;
			productType = "com.apple.product-type.bundle.ui-testing";
		};
/* End PBXNativeTarget section */

/* Begin PBXProject section */
		D89CC2751D8BE723001D8D48 /* Project object */ = {
			isa = PBXProject;
			attributes = {
				LastSwiftUpdateCheck = 0730;
				LastUpgradeCheck = 0730;
				ORGANIZATIONNAME = "Natalia Miller";
				TargetAttributes = {
					D89CC27C1D8BE724001D8D48 = {
						CreatedOnToolsVersion = 7.3.1;
					};
					D89CC2901D8BE724001D8D48 = {
						CreatedOnToolsVersion = 7.3.1;
						TestTargetID = D89CC27C1D8BE724001D8D48;
					};
					D89CC29B1D8BE724001D8D48 = {
						CreatedOnToolsVersion = 7.3.1;
						TestTargetID = D89CC27C1D8BE724001D8D48;
					};
				};
			};
			buildConfigurationList = D89CC2781D8BE723001D8D48 /* Build configuration list for PBXProject "ToDoApp" */;
			compatibilityVersion = "Xcode 3.2";
			developmentRegion = English;
			hasScannedForEncodings = 0;
			knownRegions = (
				en,
				Base,
			);
			mainGroup = D89CC2741D8BE723001D8D48;
			productRefGroup = D89CC27E1D8BE724001D8D48 /* Products */;
			projectDirPath = "";
			projectRoot = "";
			targets = (
				D89CC27C1D8BE724001D8D48 /* ToDoApp */,
				D89CC2901D8BE724001D8D48 /* ToDoAppTests */,
				D89CC29B1D8BE724001D8D48 /* ToDoAppUITests */,
			);
		};
/* End PBXProject section */

/* Begin PBXResourcesBuildPhase section */
		D89CC27B1D8BE724001D8D48 /* Resources */ = {
			isa = PBXResourcesBuildPhase;
			buildActionMask = 2147483647;
			files = (
				D89CC28B1D8BE724001D8D48 /* LaunchScreen.storyboard in Resources */,
				D89CC2881D8BE724001D8D48 /* Assets.xcassets in Resources */,
				D89CC2861D8BE724001D8D48 /* Main.storyboard in Resources */,
			);
			runOnlyForDeploymentPostprocessing = 0;
		};
		D89CC28F1D8BE724001D8D48 /* Resources */ = {
			isa = PBXResourcesBuildPhase;
			buildActionMask = 2147483647;
			files = (
			);
			runOnlyForDeploymentPostprocessing = 0;
		};
		D89CC29A1D8BE724001D8D48 /* Resources */ = {
			isa = PBXResourcesBuildPhase;
			buildActionMask = 2147483647;
			files = (
			);
			runOnlyForDeploymentPostprocessing = 0;
		};
/* End PBXResourcesBuildPhase section */

/* Begin PBXSourcesBuildPhase section */
		D89CC2791D8BE724001D8D48 /* Sources */ = {
			isa = PBXSourcesBuildPhase;
			buildActionMask = 2147483647;
			files = (
				D89CC2B21D8C0486001D8D48 /* AddToDoViewController.swift in Sources */,
				D89CC2831D8BE724001D8D48 /* ViewController.swift in Sources */,
				D89CC2811D8BE724001D8D48 /* AppDelegate.swift in Sources */,
				D89CC2AF1D8BFA14001D8D48 /* ToDoListTableViewController.swift in Sources */,
			);
			runOnlyForDeploymentPostprocessing = 0;
		};
		D89CC28D1D8BE724001D8D48 /* Sources */ = {
			isa = PBXSourcesBuildPhase;
			buildActionMask = 2147483647;
			files = (
				D89CC2961D8BE724001D8D48 /* ToDoAppTests.swift in Sources */,
			);
			runOnlyForDeploymentPostprocessing = 0;
		};
		D89CC2981D8BE724001D8D48 /* Sources */ = {
			isa = PBXSourcesBuildPhase;
			buildActionMask = 2147483647;
			files = (
				D89CC2A11D8BE724001D8D48 /* ToDoAppUITests.swift in Sources */,
			);
			runOnlyForDeploymentPostprocessing = 0;
		};
/* End PBXSourcesBuildPhase section */

/* Begin PBXTargetDependency section */
		D89CC2931D8BE724001D8D48 /* PBXTargetDependency */ = {
			isa = PBXTargetDependency;
			target = D89CC27C1D8BE724001D8D48 /* ToDoApp */;
			targetProxy = D89CC2921D8BE724001D8D48 /* PBXContainerItemProxy */;
		};
		D89CC29E1D8BE724001D8D48 /* PBXTargetDependency */ = {
			isa = PBXTargetDependency;
			target = D89CC27C1D8BE724001D8D48 /* ToDoApp */;
			targetProxy = D89CC29D1D8BE724001D8D48 /* PBXContainerItemProxy */;
		};
/* End PBXTargetDependency section */

/* Begin PBXVariantGroup section */
		D89CC2841D8BE724001D8D48 /* Main.storyboard */ = {
			isa = PBXVariantGroup;
			children = (
				D89CC2851D8BE724001D8D48 /* Base */,
			);
			name = Main.storyboard;
			sourceTree = "<group>";
		};
		D89CC2891D8BE724001D8D48 /* LaunchScreen.storyboard */ = {
			isa = PBXVariantGroup;
			children = (
				D89CC28A1D8BE724001D8D48 /* Base */,
			);
			name = LaunchScreen.storyboard;
			sourceTree = "<group>";
		};
/* End PBXVariantGroup section */

/* Begin XCBuildConfiguration section */
		D89CC2A31D8BE724001D8D48 /* Debug */ = {
			isa = XCBuildConfiguration;
			buildSettings = {
				ALWAYS_SEARCH_USER_PATHS = NO;
				CLANG_ANALYZER_NONNULL = YES;
				CLANG_CXX_LANGUAGE_STANDARD = "gnu++0x";
				CLANG_CXX_LIBRARY = "libc++";
				CLANG_ENABLE_MODULES = YES;
				CLANG_ENABLE_OBJC_ARC = YES;
				CLANG_WARN_BOOL_CONVERSION = YES;
				CLANG_WARN_CONSTANT_CONVERSION = YES;
				CLANG_WARN_DIRECT_OBJC_ISA_USAGE = YES_ERROR;
				CLANG_WARN_EMPTY_BODY = YES;
				CLANG_WARN_ENUM_CONVERSION = YES;
				CLANG_WARN_INT_CONVERSION = YES;
				CLANG_WARN_OBJC_ROOT_CLASS = YES_ERROR;
				CLANG_WARN_UNREACHABLE_CODE = YES;
				CLANG_WARN__DUPLICATE_METHOD_MATCH = YES;
				"CODE_SIGN_IDENTITY[sdk=iphoneos*]" = "iPhone Developer";
				COPY_PHASE_STRIP = NO;
				DEBUG_INFORMATION_FORMAT = dwarf;
				ENABLE_STRICT_OBJC_MSGSEND = YES;
				ENABLE_TESTABILITY = YES;
				GCC_C_LANGUAGE_STANDARD = gnu99;
				GCC_DYNAMIC_NO_PIC = NO;
				GCC_NO_COMMON_BLOCKS = YES;
				GCC_OPTIMIZATION_LEVEL = 0;
				GCC_PREPROCESSOR_DEFINITIONS = (
					"DEBUG=1",
					"$(inherited)",
				);
				GCC_WARN_64_TO_32_BIT_CONVERSION = YES;
				GCC_WARN_ABOUT_RETURN_TYPE = YES_ERROR;
				GCC_WARN_UNDECLARED_SELECTOR = YES;
				GCC_WARN_UNINITIALIZED_AUTOS = YES_AGGRESSIVE;
				GCC_WARN_UNUSED_FUNCTION = YES;
				GCC_WARN_UNUSED_VARIABLE = YES;
				IPHONEOS_DEPLOYMENT_TARGET = 9.3;
				MTL_ENABLE_DEBUG_INFO = YES;
				ONLY_ACTIVE_ARCH = YES;
				SDKROOT = iphoneos;
				SWIFT_OPTIMIZATION_LEVEL = "-Onone";
				TARGETED_DEVICE_FAMILY = "1,2";
			};
			name = Debug;
		};
		D89CC2A41D8BE724001D8D48 /* Release */ = {
			isa = XCBuildConfiguration;
			buildSettings = {
				ALWAYS_SEARCH_USER_PATHS = NO;
				CLANG_ANALYZER_NONNULL = YES;
				CLANG_CXX_LANGUAGE_STANDARD = "gnu++0x";
				CLANG_CXX_LIBRARY = "libc++";
				CLANG_ENABLE_MODULES = YES;
				CLANG_ENABLE_OBJC_ARC = YES;
				CLANG_WARN_BOOL_CONVERSION = YES;
				CLANG_WARN_CONSTANT_CONVERSION = YES;
				CLANG_WARN_DIRECT_OBJC_ISA_USAGE = YES_ERROR;
				CLANG_WARN_EMPTY_BODY = YES;
				CLANG_WARN_ENUM_CONVERSION = YES;
				CLANG_WARN_INT_CONVERSION = YES;
				CLANG_WARN_OBJC_ROOT_CLASS = YES_ERROR;
				CLANG_WARN_UNREACHABLE_CODE = YES;
				CLANG_WARN__DUPLICATE_METHOD_MATCH = YES;
				"CODE_SIGN_IDENTITY[sdk=iphoneos*]" = "iPhone Developer";
				COPY_PHASE_STRIP = NO;
				DEBUG_INFORMATION_FORMAT = "dwarf-with-dsym";
				ENABLE_NS_ASSERTIONS = NO;
				ENABLE_STRICT_OBJC_MSGSEND = YES;
				GCC_C_LANGUAGE_STANDARD = gnu99;
				GCC_NO_COMMON_BLOCKS = YES;
				GCC_WARN_64_TO_32_BIT_CONVERSION = YES;
				GCC_WARN_ABOUT_RETURN_TYPE = YES_ERROR;
				GCC_WARN_UNDECLARED_SELECTOR = YES;
				GCC_WARN_UNINITIALIZED_AUTOS = YES_AGGRESSIVE;
				GCC_WARN_UNUSED_FUNCTION = YES;
				GCC_WARN_UNUSED_VARIABLE = YES;
				IPHONEOS_DEPLOYMENT_TARGET = 9.3;
				MTL_ENABLE_DEBUG_INFO = NO;
				SDKROOT = iphoneos;
				TARGETED_DEVICE_FAMILY = "1,2";
				VALIDATE_PRODUCT = YES;
			};
			name = Release;
		};
		D89CC2A61D8BE724001D8D48 /* Debug */ = {
			isa = XCBuildConfiguration;
			buildSettings = {
				ASSETCATALOG_COMPILER_APPICON_NAME = AppIcon;
				INFOPLIST_FILE = ToDoApp/Info.plist;
				LD_RUNPATH_SEARCH_PATHS = "$(inherited) @executable_path/Frameworks";
				PRODUCT_BUNDLE_IDENTIFIER = com.nataliamiller.ToDoApp;
				PRODUCT_NAME = "$(TARGET_NAME)";
			};
			name = Debug;
		};
		D89CC2A71D8BE724001D8D48 /* Release */ = {
			isa = XCBuildConfiguration;
			buildSettings = {
				ASSETCATALOG_COMPILER_APPICON_NAME = AppIcon;
				INFOPLIST_FILE = ToDoApp/Info.plist;
				LD_RUNPATH_SEARCH_PATHS = "$(inherited) @executable_path/Frameworks";
				PRODUCT_BUNDLE_IDENTIFIER = com.nataliamiller.ToDoApp;
				PRODUCT_NAME = "$(TARGET_NAME)";
			};
			name = Release;
		};
		D89CC2A91D8BE724001D8D48 /* Debug */ = {
			isa = XCBuildConfiguration;
			buildSettings = {
				BUNDLE_LOADER = "$(TEST_HOST)";
				INFOPLIST_FILE = ToDoAppTests/Info.plist;
				LD_RUNPATH_SEARCH_PATHS = "$(inherited) @executable_path/Frameworks @loader_path/Frameworks";
				PRODUCT_BUNDLE_IDENTIFIER = com.nataliamiller.ToDoAppTests;
				PRODUCT_NAME = "$(TARGET_NAME)";
				TEST_HOST = "$(BUILT_PRODUCTS_DIR)/ToDoApp.app/ToDoApp";
			};
			name = Debug;
		};
		D89CC2AA1D8BE724001D8D48 /* Release */ = {
			isa = XCBuildConfiguration;
			buildSettings = {
				BUNDLE_LOADER = "$(TEST_HOST)";
				INFOPLIST_FILE = ToDoAppTests/Info.plist;
				LD_RUNPATH_SEARCH_PATHS = "$(inherited) @executable_path/Frameworks @loader_path/Frameworks";
				PRODUCT_BUNDLE_IDENTIFIER = com.nataliamiller.ToDoAppTests;
				PRODUCT_NAME = "$(TARGET_NAME)";
				TEST_HOST = "$(BUILT_PRODUCTS_DIR)/ToDoApp.app/ToDoApp";
			};
			name = Release;
		};
		D89CC2AC1D8BE724001D8D48 /* Debug */ = {
			isa = XCBuildConfiguration;
			buildSettings = {
				INFOPLIST_FILE = ToDoAppUITests/Info.plist;
				LD_RUNPATH_SEARCH_PATHS = "$(inherited) @executable_path/Frameworks @loader_path/Frameworks";
				PRODUCT_BUNDLE_IDENTIFIER = com.nataliamiller.ToDoAppUITests;
				PRODUCT_NAME = "$(TARGET_NAME)";
				TEST_TARGET_NAME = ToDoApp;
			};
			name = Debug;
		};
		D89CC2AD1D8BE724001D8D48 /* Release */ = {
			isa = XCBuildConfiguration;
			buildSettings = {
				INFOPLIST_FILE = ToDoAppUITests/Info.plist;
				LD_RUNPATH_SEARCH_PATHS = "$(inherited) @executable_path/Frameworks @loader_path/Frameworks";
				PRODUCT_BUNDLE_IDENTIFIER = com.nataliamiller.ToDoAppUITests;
				PRODUCT_NAME = "$(TARGET_NAME)";
				TEST_TARGET_NAME = ToDoApp;
			};
			name = Release;
		};
/* End XCBuildConfiguration section */

/* Begin XCConfigurationList section */
		D89CC2781D8BE723001D8D48 /* Build configuration list for PBXProject "ToDoApp" */ = {
			isa = XCConfigurationList;
			buildConfigurations = (
				D89CC2A31D8BE724001D8D48 /* Debug */,
				D89CC2A41D8BE724001D8D48 /* Release */,
			);
			defaultConfigurationIsVisible = 0;
			defaultConfigurationName = Release;
		};
		D89CC2A51D8BE724001D8D48 /* Build configuration list for PBXNativeTarget "ToDoApp" */ = {
			isa = XCConfigurationList;
			buildConfigurations = (
				D89CC2A61D8BE724001D8D48 /* Debug */,
				D89CC2A71D8BE724001D8D48 /* Release */,
			);
			defaultConfigurationIsVisible = 0;
		};
		D89CC2A81D8BE724001D8D48 /* Build configuration list for PBXNativeTarget "ToDoAppTests" */ = {
			isa = XCConfigurationList;
			buildConfigurations = (
				D89CC2A91D8BE724001D8D48 /* Debug */,
				D89CC2AA1D8BE724001D8D48 /* Release */,
			);
			defaultConfigurationIsVisible = 0;
		};
		D89CC2AB1D8BE724001D8D48 /* Build configuration list for PBXNativeTarget "ToDoAppUITests" */ = {
			isa = XCConfigurationList;
			buildConfigurations = (
				D89CC2AC1D8BE724001D8D48 /* Debug */,
				D89CC2AD1D8BE724001D8D48 /* Release */,
			);
			defaultConfigurationIsVisible = 0;
		};
/* End XCConfigurationList section */
	};
	rootObject = D89CC2751D8BE723001D8D48 /* Project object */;
}
